{
  "requires": true,
  "lockfileVersion": 1,
  "dependencies": {
    "primeng": {
      "version": "7.1.0",
      "resolved": "https://registry.npmjs.org/primeng/-/primeng-7.1.0.tgz",
      "integrity": "sha512-uUkiKtGjCJN4Hz5fKliiw8/UvkOC7RV4oWOmoDY1el2Y2NDCyQIUI9t4QbyoPeyZzL1CggBbFsVPkqnQg+oVxA=="
    }
  }
}
